# THIS IS AN AUTOGENERATED FILE. DO NOT EDIT THIS FILE DIRECTLY.
# yarn lockfile v1


"@types/cookie@^0.6.0":
  version "0.6.0"
  resolved "https://registry.yarnpkg.com/@types/cookie/-/cookie-0.6.0.tgz#eac397f28bf1d6ae0ae081363eca2f425bedf0d5"
  integrity sha512-4Kh9a6B2bQciAhf7FSuMRRkUWecJgJu9nPnx3yzpsfXX/c50REIqpHY4C82bXP90qrLtXtkDxTZosYO3UpOwlA==

"@types/react-scroll@^1.8.10":
  version "1.8.10"
  resolved "https://registry.yarnpkg.com/@types/react-scroll/-/react-scroll-1.8.10.tgz#585a5c4bd0654434f3e55a08e94ed2e048bae7c7"
  integrity sha512-RD4Z7grbdNGOKwKnUBKar6zNxqaW3n8m9QSrfvljW+gmkj1GArb8AFBomVr6xMOgHPD3v1uV3BrIf01py57daQ==
  dependencies:
    "@types/react" "*"

"@types/react@*":
  version "19.0.10"
  resolved "https://registry.yarnpkg.com/@types/react/-/react-19.0.10.tgz#d0c66dafd862474190fe95ce11a68de69ed2b0eb"
  integrity sha512-JuRQ9KXLEjaUNjTWpzuR231Z2WpIwczOkBEIvbHNCzQefFIT0L8IqE6NV6ULLyC1SI/i234JnDoMkfg+RjQj2g==
  dependencies:
    csstype "^3.0.2"

cookie@^1.0.1:
  version "1.0.2"
  resolved "https://registry.yarnpkg.com/cookie/-/cookie-1.0.2.tgz#27360701532116bd3f1f9416929d176afe1e4610"
  integrity sha512-9Kr/j4O16ISv8zBBhJoi4bXOYNTkFLOqSL3UDB0njXxCXNezjeyVrJyGOWtgfs/q2km1gwBcfH8q1yEGoMYunA==

csstype@^3.0.2:
  version "3.1.3"
  resolved "https://registry.yarnpkg.com/csstype/-/csstype-3.1.3.tgz#d80ff294d114fb0e6ac500fbf85b60137d7eff81"
  integrity sha512-M1uQkMl8rQK/szD0LNhtqxIPLpimGm8sOBwU7lLnCpSbTyY3yeU1Vc7l4KT5zT4s/yOxHH5O7tIuuLOCnLADRw==

"js-tokens@^3.0.0 || ^4.0.0":
  version "4.0.0"
  resolved "https://registry.yarnpkg.com/js-tokens/-/js-tokens-4.0.0.tgz#19203fb59991df98e3a287050d4647cdeaf32499"
  integrity sha512-RdJUflcE3cUzKiMqQgsCu06FPu9UdIJO0beYbPhHN4k6apgJtifcoCtT9bcxOpYBtpD2kCM6Sbzg4CausW/PKQ==

lodash.throttle@^4.1.1:
  version "4.1.1"
  resolved "https://registry.yarnpkg.com/lodash.throttle/-/lodash.throttle-4.1.1.tgz#c23e91b710242ac70c37f1e1cda9274cc39bf2f4"
  integrity sha512-wIkUCfVKpVsWo3JSZlc+8MB5it+2AN5W8J7YVMST30UrvcQNZ1Okbj+rbVniijTWE6FGYy4XJq/rHkas8qJMLQ==

loose-envify@^1.4.0:
  version "1.4.0"
  resolved "https://registry.yarnpkg.com/loose-envify/-/loose-envify-1.4.0.tgz#71ee51fa7be4caec1a63839f7e682d8132d30caf"
  integrity sha512-lyuxPGr/Wfhrlem2CL/UcnUc1zcqKAImBDzukY7Y5F/yQiNdko6+fRLevlw1HgMySw7f611UIY408EtxRSoK3Q==
  dependencies:
    js-tokens "^3.0.0 || ^4.0.0"

object-assign@^4.1.1:
  version "4.1.1"
  resolved "https://registry.yarnpkg.com/object-assign/-/object-assign-4.1.1.tgz#2109adc7965887cfc05cbbd442cac8bfbb360863"
  integrity sha512-rJgTQnkUnH1sFw8yT6VSU3zD3sWmu6sZhIseY8VX+GRu3P6F7Fu+JNDoXfklElbLJSnc3FUQHVe4cU5hj+BcUg==

prop-types@^15.7.2:
  version "15.8.1"
  resolved "https://registry.yarnpkg.com/prop-types/-/prop-types-15.8.1.tgz#67d87bf1a694f48435cf332c24af10214a3140b5"
  integrity sha512-oj87CgZICdulUohogVAR7AjlC0327U4el4L6eAvOqCeudMDVU0NThNaV+b9Df4dXgSP1gXMTnPdhfe/2qDH5cg==
  dependencies:
    loose-envify "^1.4.0"
    object-assign "^4.1.1"
    react-is "^16.13.1"

react-is@^16.13.1:
  version "16.13.1"
  resolved "https://registry.yarnpkg.com/react-is/-/react-is-16.13.1.tgz#789729a4dc36de2999dc156dd6c1d9c18cea56a4"
  integrity sha512-24e6ynE2H+OKt4kqsOvNd8kBpV65zoxbA4BVsEOB3ARVWQki/DHzaUoC5KuON/BiccDaCCTZBuOcfZs70kR8bQ==

react-router@^7.2.0:
  version "7.2.0"
  resolved "https://registry.yarnpkg.com/react-router/-/react-router-7.2.0.tgz#a8f2729d39f634a7a870d14dd906a1b406f39d6f"
  integrity sha512-fXyqzPgCPZbqhrk7k3hPcCpYIlQ2ugIXDboHUzhJISFVy2DEPsmHgN588MyGmkIOv3jDgNfUE3kJi83L28s/LQ==
  dependencies:
    "@types/cookie" "^0.6.0"
    cookie "^1.0.1"
    set-cookie-parser "^2.6.0"
    turbo-stream "2.4.0"

react-scroll@^1.9.3:
  version "1.9.3"
  resolved "https://registry.yarnpkg.com/react-scroll/-/react-scroll-1.9.3.tgz#8312831244a7a8f86036e72c71de155a454a78c0"
  integrity sha512-xv7FXqF3k63aSLNu4/NjFvRNI0ge7DmmmsbeGarP7LZVAlJMSjUuW3dTtLxp1Afijyv0lS2qwC0GiFHvx1KBHQ==
  dependencies:
    lodash.throttle "^4.1.1"
    prop-types "^15.7.2"

set-cookie-parser@^2.6.0:
  version "2.7.1"
  resolved "https://registry.yarnpkg.com/set-cookie-parser/-/set-cookie-parser-2.7.1.tgz#3016f150072202dfbe90fadee053573cc89d2943"
  integrity sha512-IOc8uWeOZgnb3ptbCURJWNjWUPcO3ZnTTdzsurqERrP6nPyv+paC55vJM0LpOlT2ne+Ix+9+CRG1MNLlyZ4GjQ==

turbo-stream@2.4.0:
  version "2.4.0"
  resolved "https://registry.yarnpkg.com/turbo-stream/-/turbo-stream-2.4.0.tgz#1e4fca6725e90fa14ac4adb782f2d3759a5695f0"
  integrity sha512-FHncC10WpBd2eOmGwpmQsWLDoK4cqsA/UT/GqNoaKOQnT8uzhtCbg3EoUDMvqpOSAI0S26mr0rkjzbOO6S3v1g==
